<?xml version="1.0" encoding="utf-8"?>
<Project ToolsVersion="4.0" xmlns="http://schemas.microsoft.com/developer/msbuild/2003">
  <ItemGroup>
    <Filter Include="源文件">
      <UniqueIdentifier>{4FC737F1-C7A5-4376-A066-2A32D752A2FF}</UniqueIdentifier>
      <Extensions>cpp;c;cc;cxx;def;odl;idl;hpj;bat;asm;asmx</Extensions>
    </Filter>
    <Filter Include="头文件">
      <UniqueIdentifier>{93995380-89BD-4b04-88EB-625FBE52EBFB}</UniqueIdentifier>
      <Extensions>h;hh;hpp;hxx;hm;inl;inc;xsd</Extensions>
    </Filter>
    <Filter Include="资源文件">
      <UniqueIdentifier>{67DA6AB6-F800-4c08-8B7A-83BB121AAD01}</UniqueIdentifier>
      <Extensions>rc;ico;cur;bmp;dlg;rc2;rct;bin;rgs;gif;jpg;jpeg;jpe;resx;tiff;tif;png;wav;mfcribbon-ms</Extensions>
    </Filter>
  </ItemGroup>
  <ItemGroup>
    <Text Include="ReadMe.txt" />
  </ItemGroup>
  <ItemGroup>
    <ClInclude Include="HeatMeterVerifier.h">
      <Filter>头文件</Filter>
    </ClInclude>
    <ClInclude Include="stdafx.h">
      <Filter>头文件</Filter>
    </ClInclude>
    <ClInclude Include="targetver.h">
      <Filter>头文件</Filter>
    </ClInclude>
    <ClInclude Include="MainFrm.h">
      <Filter>头文件</Filter>
    </ClInclude>
    <ClInclude Include="ChildFrm.h">
      <Filter>头文件</Filter>
    </ClInclude>
    <ClInclude Include="HeatMeterVerifierDoc.h">
      <Filter>头文件</Filter>
    </ClInclude>
    <ClInclude Include="HeatMeterVerifierView.h">
      <Filter>头文件</Filter>
    </ClInclude>
    <ClInclude Include="CntrItem.h">
      <Filter>头文件</Filter>
    </ClInclude>
    <ClInclude Include="Resource.h">
      <Filter>头文件</Filter>
    </ClInclude>
    <ClInclude Include="CJ188.h">
      <Filter>头文件</Filter>
    </ClInclude>
    <ClInclude Include="Converter.h">
      <Filter>头文件</Filter>
    </ClInclude>
    <ClInclude Include="CSerial.h">
      <Filter>头文件</Filter>
    </ClInclude>
    <ClInclude Include="SerialTestDlg.h">
      <Filter>头文件</Filter>
    </ClInclude>
    <ClInclude Include="MeterChooserDlg.h">
      <Filter>头文件</Filter>
    </ClInclude>
    <ClInclude Include="MeterReadDlg.h">
      <Filter>头文件</Filter>
    </ClInclude>
    <ClInclude Include="MetersReportDlg.h">
      <Filter>头文件</Filter>
    </ClInclude>
    <ClInclude Include="MeterReportDlg.h">
      <Filter>头文件</Filter>
    </ClInclude>
    <ClInclude Include="MeterWizard.h">
      <Filter>头文件</Filter>
    </ClInclude>
    <ClInclude Include="MeterInfo.h">
      <Filter>头文件</Filter>
    </ClInclude>
    <ClInclude Include="MeterUtil.h">
      <Filter>头文件</Filter>
    </ClInclude>
    <ClInclude Include="ComConfig.h">
      <Filter>头文件</Filter>
    </ClInclude>
    <ClInclude Include="ComBuffer.h">
      <Filter>头文件</Filter>
    </ClInclude>
    <ClInclude Include="MeterDataTable.h">
      <Filter>头文件</Filter>
    </ClInclude>
    <ClInclude Include="DataFrame.h">
      <Filter>头文件</Filter>
    </ClInclude>
    <ClInclude Include="MyVector.h">
      <Filter>头文件</Filter>
    </ClInclude>
    <ClInclude Include="DataItem.h">
      <Filter>头文件</Filter>
    </ClInclude>
    <ClInclude Include="BinData.h">
      <Filter>头文件</Filter>
    </ClInclude>
    <ClInclude Include="ComDataReciever.h">
      <Filter>头文件</Filter>
    </ClInclude>
    <ClInclude Include="DataFrameDisplayDlg.h">
      <Filter>头文件</Filter>
    </ClInclude>
    <ClInclude Include="ColumnProperty.h">
      <Filter>头文件</Filter>
    </ClInclude>
    <ClInclude Include="MeterReport.h">
      <Filter>头文件</Filter>
    </ClInclude>
    <ClInclude Include="MeterDataInfo.h">
      <Filter>头文件</Filter>
    </ClInclude>
    <ClInclude Include="MeterReportTable.h">
      <Filter>头文件</Filter>
    </ClInclude>
    <ClInclude Include="TestUnitInfo.h">
      <Filter>头文件</Filter>
    </ClInclude>
    <ClInclude Include="TableDataDefines.h">
      <Filter>头文件</Filter>
    </ClInclude>
    <ClInclude Include="VerifyConfig.h">
      <Filter>头文件</Filter>
    </ClInclude>
    <ClInclude Include="MyPrintWizard.h">
      <Filter>头文件</Filter>
    </ClInclude>
  </ItemGroup>
  <ItemGroup>
    <ClCompile Include="HeatMeterVerifier.cpp">
      <Filter>源文件</Filter>
    </ClCompile>
    <ClCompile Include="stdafx.cpp">
      <Filter>源文件</Filter>
    </ClCompile>
    <ClCompile Include="MainFrm.cpp">
      <Filter>源文件</Filter>
    </ClCompile>
    <ClCompile Include="ChildFrm.cpp">
      <Filter>源文件</Filter>
    </ClCompile>
    <ClCompile Include="HeatMeterVerifierDoc.cpp">
      <Filter>源文件</Filter>
    </ClCompile>
    <ClCompile Include="HeatMeterVerifierView.cpp">
      <Filter>源文件</Filter>
    </ClCompile>
    <ClCompile Include="CntrItem.cpp">
      <Filter>源文件</Filter>
    </ClCompile>
    <ClCompile Include="CJ188.cpp">
      <Filter>源文件</Filter>
    </ClCompile>
    <ClCompile Include="Converter.cpp">
      <Filter>源文件</Filter>
    </ClCompile>
    <ClCompile Include="CSerial.cpp">
      <Filter>源文件</Filter>
    </ClCompile>
    <ClCompile Include="SerialTestDlg.cpp">
      <Filter>源文件</Filter>
    </ClCompile>
    <ClCompile Include="MeterChooserDlg.cpp">
      <Filter>源文件</Filter>
    </ClCompile>
    <ClCompile Include="MeterReadDlg.cpp">
      <Filter>源文件</Filter>
    </ClCompile>
    <ClCompile Include="MetersReportDlg.cpp">
      <Filter>源文件</Filter>
    </ClCompile>
    <ClCompile Include="MeterReportDlg.cpp">
      <Filter>源文件</Filter>
    </ClCompile>
    <ClCompile Include="MeterWizard.cpp">
      <Filter>源文件</Filter>
    </ClCompile>
    <ClCompile Include="MeterInfo.cpp">
      <Filter>源文件</Filter>
    </ClCompile>
    <ClCompile Include="MeterUtil.cpp">
      <Filter>源文件</Filter>
    </ClCompile>
    <ClCompile Include="ComConfig.cpp">
      <Filter>源文件</Filter>
    </ClCompile>
    <ClCompile Include="ComBuffer.cpp">
      <Filter>源文件</Filter>
    </ClCompile>
    <ClCompile Include="MeterDataTable.cpp">
      <Filter>源文件</Filter>
    </ClCompile>
    <ClCompile Include="DataFrame.cpp">
      <Filter>源文件</Filter>
    </ClCompile>
    <ClCompile Include="MyVector.cpp">
      <Filter>源文件</Filter>
    </ClCompile>
    <ClCompile Include="DataItem.cpp">
      <Filter>源文件</Filter>
    </ClCompile>
    <ClCompile Include="BinData.cpp">
      <Filter>源文件</Filter>
    </ClCompile>
    <ClCompile Include="DataFrameDisplayDlg.cpp">
      <Filter>源文件</Filter>
    </ClCompile>
    <ClCompile Include="ColumnProperty.cpp">
      <Filter>源文件</Filter>
    </ClCompile>
    <ClCompile Include="MeterReport.cpp">
      <Filter>源文件</Filter>
    </ClCompile>
    <ClCompile Include="MeterDataInfo.cpp">
      <Filter>源文件</Filter>
    </ClCompile>
    <ClCompile Include="MeterReportTable.cpp">
      <Filter>源文件</Filter>
    </ClCompile>
    <ClCompile Include="TestUnitInfo.cpp">
      <Filter>源文件</Filter>
    </ClCompile>
    <ClCompile Include="VerifyConfig.cpp">
      <Filter>源文件</Filter>
    </ClCompile>
    <ClCompile Include="MyPrintWizard.cpp">
      <Filter>源文件</Filter>
    </ClCompile>
  </ItemGroup>
  <ItemGroup>
    <None Include="HeatMeterVerifier.reg" />
    <None Include="res\HeatMeterVerifier.rc2">
      <Filter>资源文件</Filter>
    </None>
  </ItemGroup>
  <ItemGroup>
    <ResourceCompile Include="HeatMeterVerifier.rc">
      <Filter>资源文件</Filter>
    </ResourceCompile>
  </ItemGroup>
  <ItemGroup>
    <Image Include="res\HeatMeterVerifierDoc.ico">
      <Filter>资源文件</Filter>
    </Image>
    <Image Include="res\HeatMeterVerifier.ico">
      <Filter>资源文件</Filter>
    </Image>
    <Image Include="res\Toolbar.bmp">
      <Filter>资源文件</Filter>
    </Image>
  </ItemGroup>
</Project>